// !$*UTF8*$!
{
	archiveVersion = 1;
	classes = {
	};
	objectVersion = 56;
	objects = {

/* Begin PBXBuildFile section */
		5C13C0A9752131E7C6B14DCF /* Pods_Spotify.framework in Frameworks */ = {isa = PBXBuildFile; fileRef = F8E6052DBCE6CD4EAEE2349D /* Pods_Spotify.framework */; };
		E6178B12298AD65E00AAB055 /* Extensions.swift in Sources */ = {isa = PBXBuildFile; fileRef = E6178B11298AD65E00AAB055 /* Extensions.swift */; };
		E6178B14298B943300AAB055 /* AuthResponse.swift in Sources */ = {isa = PBXBuildFile; fileRef = E6178B13298B943200AAB055 /* AuthResponse.swift */; };
		E64621DB29920CA500461673 /* PlayerControlsViewDelegate.swift in Sources */ = {isa = PBXBuildFile; fileRef = E64621DA29920CA500461673 /* PlayerControlsViewDelegate.swift */; };
		E64621DD29920CCB00461673 /* AlbumTrackCollectionViewCell.swift in Sources */ = {isa = PBXBuildFile; fileRef = E64621DC29920CCB00461673 /* AlbumTrackCollectionViewCell.swift */; };
		E64621DF29920CF200461673 /* TittleHeaderCollectionReusableView.swift in Sources */ = {isa = PBXBuildFile; fileRef = E64621DE29920CF200461673 /* TittleHeaderCollectionReusableView.swift */; };
		E64621E129920DA300461673 /* NewRelasesCollectionViewCell.swift in Sources */ = {isa = PBXBuildFile; fileRef = E64621E029920DA300461673 /* NewRelasesCollectionViewCell.swift */; };
		E64621E329920DC400461673 /* FeaturedPlayListCollectionViewCell.swift in Sources */ = {isa = PBXBuildFile; fileRef = E64621E229920DC400461673 /* FeaturedPlayListCollectionViewCell.swift */; };
		E64621E529920DE200461673 /* RecommendedTrackCollectionViewCell.swift in Sources */ = {isa = PBXBuildFile; fileRef = E64621E429920DE200461673 /* RecommendedTrackCollectionViewCell.swift */; };
		E64621E729920E0100461673 /* PlayListHeaderCollectionReusableViewDelegate.swift in Sources */ = {isa = PBXBuildFile; fileRef = E64621E629920E0100461673 /* PlayListHeaderCollectionReusableViewDelegate.swift */; };
		E64621E929920E1C00461673 /* CategoryCollectionViewCell.swift in Sources */ = {isa = PBXBuildFile; fileRef = E64621E829920E1C00461673 /* CategoryCollectionViewCell.swift */; };
		E64621EB29920E3700461673 /* SearchResultDefaultTableViewCell.swift in Sources */ = {isa = PBXBuildFile; fileRef = E64621EA29920E3700461673 /* SearchResultDefaultTableViewCell.swift */; };
		E64621ED29920E5500461673 /* SearchResultSubtitleTableViewCell.swift in Sources */ = {isa = PBXBuildFile; fileRef = E64621EC29920E5500461673 /* SearchResultSubtitleTableViewCell.swift */; };
		E6A2C5212990C9440098946D /* SettingsModels.swift in Sources */ = {isa = PBXBuildFile; fileRef = E6A2C5202990C9440098946D /* SettingsModels.swift */; };
		E6B755C82989CDEE00A1936B /* AppDelegate.swift in Sources */ = {isa = PBXBuildFile; fileRef = E6B755C72989CDEE00A1936B /* AppDelegate.swift */; };
		E6B755CA2989CDEE00A1936B /* SceneDelegate.swift in Sources */ = {isa = PBXBuildFile; fileRef = E6B755C92989CDEE00A1936B /* SceneDelegate.swift */; };
		E6B755CC2989CDEE00A1936B /* HomeViewController.swift in Sources */ = {isa = PBXBuildFile; fileRef = E6B755CB2989CDEE00A1936B /* HomeViewController.swift */; };
		E6B755D12989CDF100A1936B /* Assets.xcassets in Resources */ = {isa = PBXBuildFile; fileRef = E6B755D02989CDF100A1936B /* Assets.xcassets */; };
		E6B755D42989CDF100A1936B /* LaunchScreen.storyboard in Resources */ = {isa = PBXBuildFile; fileRef = E6B755D22989CDF100A1936B /* LaunchScreen.storyboard */; };
		E6B755E2298A354B00A1936B /* TabBarViewController.swift in Sources */ = {isa = PBXBuildFile; fileRef = E6B755E1298A354B00A1936B /* TabBarViewController.swift */; };
		E6B755E4298A35A500A1936B /* SearchViewController.swift in Sources */ = {isa = PBXBuildFile; fileRef = E6B755E3298A35A500A1936B /* SearchViewController.swift */; };
		E6B755E6298A35DD00A1936B /* LibraryViewController.swift in Sources */ = {isa = PBXBuildFile; fileRef = E6B755E5298A35DD00A1936B /* LibraryViewController.swift */; };
		E6B755EA298A364300A1936B /* AuthViewController.swift in Sources */ = {isa = PBXBuildFile; fileRef = E6B755E9298A364300A1936B /* AuthViewController.swift */; };
		E6B755EC298A366200A1936B /* WelcomeViewController.swift in Sources */ = {isa = PBXBuildFile; fileRef = E6B755EB298A366200A1936B /* WelcomeViewController.swift */; };
		E6B755EE298A369300A1936B /* SettingsViewController.swift in Sources */ = {isa = PBXBuildFile; fileRef = E6B755ED298A369300A1936B /* SettingsViewController.swift */; };
		E6B755F0298A36AD00A1936B /* ProfileViewController.swift in Sources */ = {isa = PBXBuildFile; fileRef = E6B755EF298A36AD00A1936B /* ProfileViewController.swift */; };
		E6B755F2298A36C900A1936B /* PlayerViewController.swift in Sources */ = {isa = PBXBuildFile; fileRef = E6B755F1298A36C900A1936B /* PlayerViewController.swift */; };
		E6B755F4298A36EC00A1936B /* PlaylistViewController.swift in Sources */ = {isa = PBXBuildFile; fileRef = E6B755F3298A36EC00A1936B /* PlaylistViewController.swift */; };
		E6B755F6298A371500A1936B /* SearchResultsViewController.swift in Sources */ = {isa = PBXBuildFile; fileRef = E6B755F5298A371500A1936B /* SearchResultsViewController.swift */; };
		E6B755F8298A375400A1936B /* AuthManager.swift in Sources */ = {isa = PBXBuildFile; fileRef = E6B755F7298A375400A1936B /* AuthManager.swift */; };
		E6B755FA298A3CA100A1936B /* APICaller.swift in Sources */ = {isa = PBXBuildFile; fileRef = E6B755F9298A3CA100A1936B /* APICaller.swift */; };
		E6B755FC298A3CC700A1936B /* HapticsManager.swift in Sources */ = {isa = PBXBuildFile; fileRef = E6B755FB298A3CC700A1936B /* HapticsManager.swift */; };
		E6B755FE298A3CEE00A1936B /* PlayList.swift in Sources */ = {isa = PBXBuildFile; fileRef = E6B755FD298A3CEE00A1936B /* PlayList.swift */; };
		E6B75600298A3D1500A1936B /* AudioTrack.swift in Sources */ = {isa = PBXBuildFile; fileRef = E6B755FF298A3D1500A1936B /* AudioTrack.swift */; };
		E6B75602298A3D3900A1936B /* Artist.swift in Sources */ = {isa = PBXBuildFile; fileRef = E6B75601298A3D3900A1936B /* Artist.swift */; };
		E6B75604298A3D5A00A1936B /* UserProfile.swift in Sources */ = {isa = PBXBuildFile; fileRef = E6B75603298A3D5A00A1936B /* UserProfile.swift */; };
		E6D508142990D9BB00F4E24C /* PlayImage.swift in Sources */ = {isa = PBXBuildFile; fileRef = E6D508132990D9BB00F4E24C /* PlayImage.swift */; };
		E6D508162990D9E500F4E24C /* AudioTracks.swift in Sources */ = {isa = PBXBuildFile; fileRef = E6D508152990D9E500F4E24C /* AudioTracks.swift */; };
		E6D508182990DA3A00F4E24C /* NewRelasesResponse.swift in Sources */ = {isa = PBXBuildFile; fileRef = E6D508172990DA3A00F4E24C /* NewRelasesResponse.swift */; };
		E6D5081A2990DA6300F4E24C /* FeaturedPlayListResponse.swift in Sources */ = {isa = PBXBuildFile; fileRef = E6D508192990DA6300F4E24C /* FeaturedPlayListResponse.swift */; };
		E6D5081C2990DA8A00F4E24C /* RecomndedGenresResponse.swift in Sources */ = {isa = PBXBuildFile; fileRef = E6D5081B2990DA8A00F4E24C /* RecomndedGenresResponse.swift */; };
		E6D5081E2990DAAE00F4E24C /* RecomendationsResponse.swift in Sources */ = {isa = PBXBuildFile; fileRef = E6D5081D2990DAAE00F4E24C /* RecomendationsResponse.swift */; };
		E6D508202990DACC00F4E24C /* AlbumDetailsResponse.swift in Sources */ = {isa = PBXBuildFile; fileRef = E6D5081F2990DACC00F4E24C /* AlbumDetailsResponse.swift */; };
		E6D508222990DAEF00F4E24C /* PlayListDetailsResponse.swift in Sources */ = {isa = PBXBuildFile; fileRef = E6D508212990DAEF00F4E24C /* PlayListDetailsResponse.swift */; };
		E6D508242990DB1400F4E24C /* CategoryResponse.swift in Sources */ = {isa = PBXBuildFile; fileRef = E6D508232990DB1400F4E24C /* CategoryResponse.swift */; };
		E6D508262990DB3900F4E24C /* SearchResultResponse.swift in Sources */ = {isa = PBXBuildFile; fileRef = E6D508252990DB3900F4E24C /* SearchResultResponse.swift */; };
		E6D508282990DB7900F4E24C /* SearchResult.swift in Sources */ = {isa = PBXBuildFile; fileRef = E6D508272990DB7900F4E24C /* SearchResult.swift */; };
/* End PBXBuildFile section */

/* Begin PBXFileReference section */
		2B80329AACEED9C58F5BBA1C /* Pods-Spotify.debug.xcconfig */ = {isa = PBXFileReference; includeInIndex = 1; lastKnownFileType = text.xcconfig; name = "Pods-Spotify.debug.xcconfig"; path = "Target Support Files/Pods-Spotify/Pods-Spotify.debug.xcconfig"; sourceTree = "<group>"; };
		3E270B98D660459CCD178D33 /* Pods-Spotify.release.xcconfig */ = {isa = PBXFileReference; includeInIndex = 1; lastKnownFileType = text.xcconfig; name = "Pods-Spotify.release.xcconfig"; path = "Target Support Files/Pods-Spotify/Pods-Spotify.release.xcconfig"; sourceTree = "<group>"; };
		E6178B11298AD65E00AAB055 /* Extensions.swift */ = {isa = PBXFileReference; lastKnownFileType = sourcecode.swift; path = Extensions.swift; sourceTree = "<group>"; };
		E6178B13298B943200AAB055 /* AuthResponse.swift */ = {isa = PBXFileReference; lastKnownFileType = sourcecode.swift; path = AuthResponse.swift; sourceTree = "<group>"; };
		E64621DA29920CA500461673 /* PlayerControlsViewDelegate.swift */ = {isa = PBXFileReference; lastKnownFileType = sourcecode.swift; path = PlayerControlsViewDelegate.swift; sourceTree = "<group>"; };
		E64621DC29920CCB00461673 /* AlbumTrackCollectionViewCell.swift */ = {isa = PBXFileReference; lastKnownFileType = sourcecode.swift; path = AlbumTrackCollectionViewCell.swift; sourceTree = "<group>"; };
		E64621DE29920CF200461673 /* TittleHeaderCollectionReusableView.swift */ = {isa = PBXFileReference; lastKnownFileType = sourcecode.swift; path = TittleHeaderCollectionReusableView.swift; sourceTree = "<group>"; };
		E64621E029920DA300461673 /* NewRelasesCollectionViewCell.swift */ = {isa = PBXFileReference; lastKnownFileType = sourcecode.swift; path = NewRelasesCollectionViewCell.swift; sourceTree = "<group>"; };
		E64621E229920DC400461673 /* FeaturedPlayListCollectionViewCell.swift */ = {isa = PBXFileReference; lastKnownFileType = sourcecode.swift; path = FeaturedPlayListCollectionViewCell.swift; sourceTree = "<group>"; };
		E64621E429920DE200461673 /* RecommendedTrackCollectionViewCell.swift */ = {isa = PBXFileReference; lastKnownFileType = sourcecode.swift; path = RecommendedTrackCollectionViewCell.swift; sourceTree = "<group>"; };
		E64621E629920E0100461673 /* PlayListHeaderCollectionReusableViewDelegate.swift */ = {isa = PBXFileReference; lastKnownFileType = sourcecode.swift; path = PlayListHeaderCollectionReusableViewDelegate.swift; sourceTree = "<group>"; };
		E64621E829920E1C00461673 /* CategoryCollectionViewCell.swift */ = {isa = PBXFileReference; lastKnownFileType = sourcecode.swift; path = CategoryCollectionViewCell.swift; sourceTree = "<group>"; };
		E64621EA29920E3700461673 /* SearchResultDefaultTableViewCell.swift */ = {isa = PBXFileReference; lastKnownFileType = sourcecode.swift; path = SearchResultDefaultTableViewCell.swift; sourceTree = "<group>"; };
		E64621EC29920E5500461673 /* SearchResultSubtitleTableViewCell.swift */ = {isa = PBXFileReference; lastKnownFileType = sourcecode.swift; path = SearchResultSubtitleTableViewCell.swift; sourceTree = "<group>"; };
		E6A2C5202990C9440098946D /* SettingsModels.swift */ = {isa = PBXFileReference; lastKnownFileType = sourcecode.swift; path = SettingsModels.swift; sourceTree = "<group>"; };
		E6B755C42989CDEE00A1936B /* Spotify.app */ = {isa = PBXFileReference; explicitFileType = wrapper.application; includeInIndex = 0; path = Spotify.app; sourceTree = BUILT_PRODUCTS_DIR; };
		E6B755C72989CDEE00A1936B /* AppDelegate.swift */ = {isa = PBXFileReference; lastKnownFileType = sourcecode.swift; path = AppDelegate.swift; sourceTree = "<group>"; };
		E6B755C92989CDEE00A1936B /* SceneDelegate.swift */ = {isa = PBXFileReference; lastKnownFileType = sourcecode.swift; path = SceneDelegate.swift; sourceTree = "<group>"; };
		E6B755CB2989CDEE00A1936B /* HomeViewController.swift */ = {isa = PBXFileReference; lastKnownFileType = sourcecode.swift; path = HomeViewController.swift; sourceTree = "<group>"; };
		E6B755D02989CDF100A1936B /* Assets.xcassets */ = {isa = PBXFileReference; lastKnownFileType = folder.assetcatalog; path = Assets.xcassets; sourceTree = "<group>"; };
		E6B755D32989CDF100A1936B /* Base */ = {isa = PBXFileReference; lastKnownFileType = file.storyboard; name = Base; path = Base.lproj/LaunchScreen.storyboard; sourceTree = "<group>"; };
		E6B755D52989CDF100A1936B /* Info.plist */ = {isa = PBXFileReference; lastKnownFileType = text.plist.xml; path = Info.plist; sourceTree = "<group>"; };
		E6B755E1298A354B00A1936B /* TabBarViewController.swift */ = {isa = PBXFileReference; lastKnownFileType = sourcecode.swift; path = TabBarViewController.swift; sourceTree = "<group>"; };
		E6B755E3298A35A500A1936B /* SearchViewController.swift */ = {isa = PBXFileReference; lastKnownFileType = sourcecode.swift; path = SearchViewController.swift; sourceTree = "<group>"; };
		E6B755E5298A35DD00A1936B /* LibraryViewController.swift */ = {isa = PBXFileReference; lastKnownFileType = sourcecode.swift; path = LibraryViewController.swift; sourceTree = "<group>"; };
		E6B755E9298A364300A1936B /* AuthViewController.swift */ = {isa = PBXFileReference; lastKnownFileType = sourcecode.swift; path = AuthViewController.swift; sourceTree = "<group>"; };
		E6B755EB298A366200A1936B /* WelcomeViewController.swift */ = {isa = PBXFileReference; lastKnownFileType = sourcecode.swift; path = WelcomeViewController.swift; sourceTree = "<group>"; };
		E6B755ED298A369300A1936B /* SettingsViewController.swift */ = {isa = PBXFileReference; lastKnownFileType = sourcecode.swift; path = SettingsViewController.swift; sourceTree = "<group>"; };
		E6B755EF298A36AD00A1936B /* ProfileViewController.swift */ = {isa = PBXFileReference; lastKnownFileType = sourcecode.swift; path = ProfileViewController.swift; sourceTree = "<group>"; };
		E6B755F1298A36C900A1936B /* PlayerViewController.swift */ = {isa = PBXFileReference; lastKnownFileType = sourcecode.swift; path = PlayerViewController.swift; sourceTree = "<group>"; };
		E6B755F3298A36EC00A1936B /* PlaylistViewController.swift */ = {isa = PBXFileReference; lastKnownFileType = sourcecode.swift; path = PlaylistViewController.swift; sourceTree = "<group>"; };
		E6B755F5298A371500A1936B /* SearchResultsViewController.swift */ = {isa = PBXFileReference; lastKnownFileType = sourcecode.swift; path = SearchResultsViewController.swift; sourceTree = "<group>"; };
		E6B755F7298A375400A1936B /* AuthManager.swift */ = {isa = PBXFileReference; lastKnownFileType = sourcecode.swift; path = AuthManager.swift; sourceTree = "<group>"; };
		E6B755F9298A3CA100A1936B /* APICaller.swift */ = {isa = PBXFileReference; lastKnownFileType = sourcecode.swift; path = APICaller.swift; sourceTree = "<group>"; };
		E6B755FB298A3CC700A1936B /* HapticsManager.swift */ = {isa = PBXFileReference; lastKnownFileType = sourcecode.swift; path = HapticsManager.swift; sourceTree = "<group>"; };
		E6B755FD298A3CEE00A1936B /* PlayList.swift */ = {isa = PBXFileReference; lastKnownFileType = sourcecode.swift; path = PlayList.swift; sourceTree = "<group>"; };
		E6B755FF298A3D1500A1936B /* AudioTrack.swift */ = {isa = PBXFileReference; lastKnownFileType = sourcecode.swift; path = AudioTrack.swift; sourceTree = "<group>"; };
		E6B75601298A3D3900A1936B /* Artist.swift */ = {isa = PBXFileReference; lastKnownFileType = sourcecode.swift; path = Artist.swift; sourceTree = "<group>"; };
		E6B75603298A3D5A00A1936B /* UserProfile.swift */ = {isa = PBXFileReference; lastKnownFileType = sourcecode.swift; path = UserProfile.swift; sourceTree = "<group>"; };
		E6D508132990D9BB00F4E24C /* PlayImage.swift */ = {isa = PBXFileReference; lastKnownFileType = sourcecode.swift; path = PlayImage.swift; sourceTree = "<group>"; };
		E6D508152990D9E500F4E24C /* AudioTracks.swift */ = {isa = PBXFileReference; lastKnownFileType = sourcecode.swift; path = AudioTracks.swift; sourceTree = "<group>"; };
		E6D508172990DA3A00F4E24C /* NewRelasesResponse.swift */ = {isa = PBXFileReference; lastKnownFileType = sourcecode.swift; path = NewRelasesResponse.swift; sourceTree = "<group>"; };
		E6D508192990DA6300F4E24C /* FeaturedPlayListResponse.swift */ = {isa = PBXFileReference; lastKnownFileType = sourcecode.swift; path = FeaturedPlayListResponse.swift; sourceTree = "<group>"; };
		E6D5081B2990DA8A00F4E24C /* RecomndedGenresResponse.swift */ = {isa = PBXFileReference; lastKnownFileType = sourcecode.swift; path = RecomndedGenresResponse.swift; sourceTree = "<group>"; };
		E6D5081D2990DAAE00F4E24C /* RecomendationsResponse.swift */ = {isa = PBXFileReference; lastKnownFileType = sourcecode.swift; path = RecomendationsResponse.swift; sourceTree = "<group>"; };
		E6D5081F2990DACC00F4E24C /* AlbumDetailsResponse.swift */ = {isa = PBXFileReference; lastKnownFileType = sourcecode.swift; path = AlbumDetailsResponse.swift; sourceTree = "<group>"; };
		E6D508212990DAEF00F4E24C /* PlayListDetailsResponse.swift */ = {isa = PBXFileReference; lastKnownFileType = sourcecode.swift; path = PlayListDetailsResponse.swift; sourceTree = "<group>"; };
		E6D508232990DB1400F4E24C /* CategoryResponse.swift */ = {isa = PBXFileReference; lastKnownFileType = sourcecode.swift; path = CategoryResponse.swift; sourceTree = "<group>"; };
		E6D508252990DB3900F4E24C /* SearchResultResponse.swift */ = {isa = PBXFileReference; lastKnownFileType = sourcecode.swift; path = SearchResultResponse.swift; sourceTree = "<group>"; };
		E6D508272990DB7900F4E24C /* SearchResult.swift */ = {isa = PBXFileReference; lastKnownFileType = sourcecode.swift; path = SearchResult.swift; sourceTree = "<group>"; };
		F8E6052DBCE6CD4EAEE2349D /* Pods_Spotify.framework */ = {isa = PBXFileReference; explicitFileType = wrapper.framework; includeInIndex = 0; path = Pods_Spotify.framework; sourceTree = BUILT_PRODUCTS_DIR; };
/* End PBXFileReference section */

/* Begin PBXFrameworksBuildPhase section */
		E6B755C12989CDEE00A1936B /* Frameworks */ = {
			isa = PBXFrameworksBuildPhase;
			buildActionMask = 2147483647;
			files = (
				5C13C0A9752131E7C6B14DCF /* Pods_Spotify.framework in Frameworks */,
			);
			runOnlyForDeploymentPostprocessing = 0;
		};
/* End PBXFrameworksBuildPhase section */

/* Begin PBXGroup section */
		A05FA90FDCDCD66429D27ED3 /* Frameworks */ = {
			isa = PBXGroup;
			children = (
				F8E6052DBCE6CD4EAEE2349D /* Pods_Spotify.framework */,
			);
			name = Frameworks;
			sourceTree = "<group>";
		};
		CB7C8FD3CF065A7BBE0CE5E6 /* Pods */ = {
			isa = PBXGroup;
			children = (
				2B80329AACEED9C58F5BBA1C /* Pods-Spotify.debug.xcconfig */,
				3E270B98D660459CCD178D33 /* Pods-Spotify.release.xcconfig */,
			);
			path = Pods;
			sourceTree = "<group>";
		};
		E64621D829920C7800461673 /* Seatch */ = {
			isa = PBXGroup;
			children = (
				E64621E829920E1C00461673 /* CategoryCollectionViewCell.swift */,
				E64621EA29920E3700461673 /* SearchResultDefaultTableViewCell.swift */,
				E64621EC29920E5500461673 /* SearchResultSubtitleTableViewCell.swift */,
			);
			path = Seatch;
			sourceTree = "<group>";
		};
		E64621D929920C7F00461673 /* Browse */ = {
			isa = PBXGroup;
			children = (
				E64621E029920DA300461673 /* NewRelasesCollectionViewCell.swift */,
				E64621E229920DC400461673 /* FeaturedPlayListCollectionViewCell.swift */,
				E64621E429920DE200461673 /* RecommendedTrackCollectionViewCell.swift */,
				E64621E629920E0100461673 /* PlayListHeaderCollectionReusableViewDelegate.swift */,
			);
			path = Browse;
			sourceTree = "<group>";
		};
		E6B755BB2989CDEE00A1936B = {
			isa = PBXGroup;
			children = (
				E6B755C62989CDEE00A1936B /* Spotify */,
				E6B755C52989CDEE00A1936B /* Products */,
				CB7C8FD3CF065A7BBE0CE5E6 /* Pods */,
				A05FA90FDCDCD66429D27ED3 /* Frameworks */,
			);
			sourceTree = "<group>";
		};
		E6B755C52989CDEE00A1936B /* Products */ = {
			isa = PBXGroup;
			children = (
				E6B755C42989CDEE00A1936B /* Spotify.app */,
			);
			name = Products;
			sourceTree = "<group>";
		};
		E6B755C62989CDEE00A1936B /* Spotify */ = {
			isa = PBXGroup;
			children = (
				E6B755E02989CEBF00A1936B /* Models */,
				E6B755DF2989CEA600A1936B /* Controllers */,
				E6B755DE2989CE9600A1936B /* Views */,
				E6B755DD2989CE8500A1936B /* ViewModels */,
				E6B755DC2989CE7900A1936B /* Managers */,
				E6B755DB2989CE6500A1936B /* Resources */,
				E6B755D52989CDF100A1936B /* Info.plist */,
			);
			path = Spotify;
			sourceTree = "<group>";
		};
		E6B755DB2989CE6500A1936B /* Resources */ = {
			isa = PBXGroup;
			children = (
				E6B755D02989CDF100A1936B /* Assets.xcassets */,
				E6B755C72989CDEE00A1936B /* AppDelegate.swift */,
				E6B755C92989CDEE00A1936B /* SceneDelegate.swift */,
				E6178B11298AD65E00AAB055 /* Extensions.swift */,
			);
			path = Resources;
			sourceTree = "<group>";
		};
		E6B755DC2989CE7900A1936B /* Managers */ = {
			isa = PBXGroup;
			children = (
				E6B755F7298A375400A1936B /* AuthManager.swift */,
				E6B755F9298A3CA100A1936B /* APICaller.swift */,
				E6B755FB298A3CC700A1936B /* HapticsManager.swift */,
			);
			path = Managers;
			sourceTree = "<group>";
		};
		E6B755DD2989CE8500A1936B /* ViewModels */ = {
			isa = PBXGroup;
			children = (
			);
			path = ViewModels;
			sourceTree = "<group>";
		};
		E6B755DE2989CE9600A1936B /* Views */ = {
			isa = PBXGroup;
			children = (
				E64621D929920C7F00461673 /* Browse */,
				E64621D829920C7800461673 /* Seatch */,
				E6B755D22989CDF100A1936B /* LaunchScreen.storyboard */,
				E64621DA29920CA500461673 /* PlayerControlsViewDelegate.swift */,
				E64621DC29920CCB00461673 /* AlbumTrackCollectionViewCell.swift */,
				E64621DE29920CF200461673 /* TittleHeaderCollectionReusableView.swift */,
			);
			path = Views;
			sourceTree = "<group>";
		};
		E6B755DF2989CEA600A1936B /* Controllers */ = {
			isa = PBXGroup;
			children = (
				E6B755E8298A361800A1936B /* Other */,
				E6B755E7298A35EF00A1936B /* Core */,
			);
			path = Controllers;
			sourceTree = "<group>";
		};
		E6B755E02989CEBF00A1936B /* Models */ = {
			isa = PBXGroup;
			children = (
				E6B755FD298A3CEE00A1936B /* PlayList.swift */,
				E6B755FF298A3D1500A1936B /* AudioTrack.swift */,
				E6B75601298A3D3900A1936B /* Artist.swift */,
				E6B75603298A3D5A00A1936B /* UserProfile.swift */,
				E6178B13298B943200AAB055 /* AuthResponse.swift */,
				E6A2C5202990C9440098946D /* SettingsModels.swift */,
				E6D508132990D9BB00F4E24C /* PlayImage.swift */,
				E6D508152990D9E500F4E24C /* AudioTracks.swift */,
				E6D508172990DA3A00F4E24C /* NewRelasesResponse.swift */,
				E6D508192990DA6300F4E24C /* FeaturedPlayListResponse.swift */,
				E6D5081B2990DA8A00F4E24C /* RecomndedGenresResponse.swift */,
				E6D5081D2990DAAE00F4E24C /* RecomendationsResponse.swift */,
				E6D5081F2990DACC00F4E24C /* AlbumDetailsResponse.swift */,
				E6D508212990DAEF00F4E24C /* PlayListDetailsResponse.swift */,
				E6D508232990DB1400F4E24C /* CategoryResponse.swift */,
				E6D508252990DB3900F4E24C /* SearchResultResponse.swift */,
				E6D508272990DB7900F4E24C /* SearchResult.swift */,
			);
			path = Models;
			sourceTree = "<group>";
		};
		E6B755E7298A35EF00A1936B /* Core */ = {
			isa = PBXGroup;
			children = (
				E6B755E1298A354B00A1936B /* TabBarViewController.swift */,
				E6B755E3298A35A500A1936B /* SearchViewController.swift */,
				E6B755E5298A35DD00A1936B /* LibraryViewController.swift */,
				E6B755CB2989CDEE00A1936B /* HomeViewController.swift */,
			);
			path = Core;
			sourceTree = "<group>";
		};
		E6B755E8298A361800A1936B /* Other */ = {
			isa = PBXGroup;
			children = (
				E6B755E9298A364300A1936B /* AuthViewController.swift */,
				E6B755EB298A366200A1936B /* WelcomeViewController.swift */,
				E6B755ED298A369300A1936B /* SettingsViewController.swift */,
				E6B755EF298A36AD00A1936B /* ProfileViewController.swift */,
				E6B755F1298A36C900A1936B /* PlayerViewController.swift */,
				E6B755F3298A36EC00A1936B /* PlaylistViewController.swift */,
				E6B755F5298A371500A1936B /* SearchResultsViewController.swift */,
			);
			path = Other;
			sourceTree = "<group>";
		};
/* End PBXGroup section */

/* Begin PBXNativeTarget section */
		E6B755C32989CDEE00A1936B /* Spotify */ = {
			isa = PBXNativeTarget;
			buildConfigurationList = E6B755D82989CDF100A1936B /* Build configuration list for PBXNativeTarget "Spotify" */;
			buildPhases = (
				907EBA180559705FB229B4CD /* [CP] Check Pods Manifest.lock */,
				E6B755C02989CDEE00A1936B /* Sources */,
				E6B755C12989CDEE00A1936B /* Frameworks */,
				E6B755C22989CDEE00A1936B /* Resources */,
				D443980444D6797DB8C1A678 /* [CP] Embed Pods Frameworks */,
			);
			buildRules = (
			);
			dependencies = (
			);
			name = Spotify;
			productName = Spotify;
			productReference = E6B755C42989CDEE00A1936B /* Spotify.app */;
			productType = "com.apple.product-type.application";
		};
/* End PBXNativeTarget section */

/* Begin PBXProject section */
		E6B755BC2989CDEE00A1936B /* Project object */ = {
			isa = PBXProject;
			attributes = {
				BuildIndependentTargetsInParallel = 1;
				LastSwiftUpdateCheck = 1420;
				LastUpgradeCheck = 1420;
				TargetAttributes = {
					E6B755C32989CDEE00A1936B = {
						CreatedOnToolsVersion = 14.2;
					};
				};
			};
			buildConfigurationList = E6B755BF2989CDEE00A1936B /* Build configuration list for PBXProject "Spotify" */;
			compatibilityVersion = "Xcode 14.0";
			developmentRegion = en;
			hasScannedForEncodings = 0;
			knownRegions = (
				en,
				Base,
			);
			mainGroup = E6B755BB2989CDEE00A1936B;
			productRefGroup = E6B755C52989CDEE00A1936B /* Products */;
			projectDirPath = "";
			projectRoot = "";
			targets = (
				E6B755C32989CDEE00A1936B /* Spotify */,
			);
		};
/* End PBXProject section */

/* Begin PBXResourcesBuildPhase section */
		E6B755C22989CDEE00A1936B /* Resources */ = {
			isa = PBXResourcesBuildPhase;
			buildActionMask = 2147483647;
			files = (
				E6B755D42989CDF100A1936B /* LaunchScreen.storyboard in Resources */,
				E6B755D12989CDF100A1936B /* Assets.xcassets in Resources */,
			);
			runOnlyForDeploymentPostprocessing = 0;
		};
/* End PBXResourcesBuildPhase section */

/* Begin PBXShellScriptBuildPhase section */
		907EBA180559705FB229B4CD /* [CP] Check Pods Manifest.lock */ = {
			isa = PBXShellScriptBuildPhase;
			buildActionMask = 2147483647;
			files = (
			);
			inputFileListPaths = (
			);
			inputPaths = (
				"${PODS_PODFILE_DIR_PATH}/Podfile.lock",
				"${PODS_ROOT}/Manifest.lock",
			);
			name = "[CP] Check Pods Manifest.lock";
			outputFileListPaths = (
			);
			outputPaths = (
				"$(DERIVED_FILE_DIR)/Pods-Spotify-checkManifestLockResult.txt",
			);
			runOnlyForDeploymentPostprocessing = 0;
			shellPath = /bin/sh;
			shellScript = "diff \"${PODS_PODFILE_DIR_PATH}/Podfile.lock\" \"${PODS_ROOT}/Manifest.lock\" > /dev/null\nif [ $? != 0 ] ; then\n    # print error to STDERR\n    echo \"error: The sandbox is not in sync with the Podfile.lock. Run 'pod install' or update your CocoaPods installation.\" >&2\n    exit 1\nfi\n# This output is used by Xcode 'outputs' to avoid re-running this script phase.\necho \"SUCCESS\" > \"${SCRIPT_OUTPUT_FILE_0}\"\n";
			showEnvVarsInLog = 0;
		};
		D443980444D6797DB8C1A678 /* [CP] Embed Pods Frameworks */ = {
			isa = PBXShellScriptBuildPhase;
			buildActionMask = 2147483647;
			files = (
			);
			inputFileListPaths = (
				"${PODS_ROOT}/Target Support Files/Pods-Spotify/Pods-Spotify-frameworks-${CONFIGURATION}-input-files.xcfilelist",
			);
			name = "[CP] Embed Pods Frameworks";
			outputFileListPaths = (
				"${PODS_ROOT}/Target Support Files/Pods-Spotify/Pods-Spotify-frameworks-${CONFIGURATION}-output-files.xcfilelist",
			);
			runOnlyForDeploymentPostprocessing = 0;
			shellPath = /bin/sh;
			shellScript = "\"${PODS_ROOT}/Target Support Files/Pods-Spotify/Pods-Spotify-frameworks.sh\"\n";
			showEnvVarsInLog = 0;
		};
/* End PBXShellScriptBuildPhase section */

/* Begin PBXSourcesBuildPhase section */
		E6B755C02989CDEE00A1936B /* Sources */ = {
			isa = PBXSourcesBuildPhase;
			buildActionMask = 2147483647;
			files = (
				E6B755E4298A35A500A1936B /* SearchViewController.swift in Sources */,
				E6B755FE298A3CEE00A1936B /* PlayList.swift in Sources */,
				E64621E529920DE200461673 /* RecommendedTrackCollectionViewCell.swift in Sources */,
				E6B755F8298A375400A1936B /* AuthManager.swift in Sources */,
				E6D508182990DA3A00F4E24C /* NewRelasesResponse.swift in Sources */,
				E64621DB29920CA500461673 /* PlayerControlsViewDelegate.swift in Sources */,
				E6D5081C2990DA8A00F4E24C /* RecomndedGenresResponse.swift in Sources */,
				E6D508262990DB3900F4E24C /* SearchResultResponse.swift in Sources */,
				E6B755F6298A371500A1936B /* SearchResultsViewController.swift in Sources */,
				E6B755EC298A366200A1936B /* WelcomeViewController.swift in Sources */,
				E6D5081E2990DAAE00F4E24C /* RecomendationsResponse.swift in Sources */,
				E64621DD29920CCB00461673 /* AlbumTrackCollectionViewCell.swift in Sources */,
				E6B755F0298A36AD00A1936B /* ProfileViewController.swift in Sources */,
				E6B755E2298A354B00A1936B /* TabBarViewController.swift in Sources */,
				E6B755FC298A3CC700A1936B /* HapticsManager.swift in Sources */,
				E6D508222990DAEF00F4E24C /* PlayListDetailsResponse.swift in Sources */,
				E6178B14298B943300AAB055 /* AuthResponse.swift in Sources */,
				E6B75600298A3D1500A1936B /* AudioTrack.swift in Sources */,
				E6B755CC2989CDEE00A1936B /* HomeViewController.swift in Sources */,
				E6D508282990DB7900F4E24C /* SearchResult.swift in Sources */,
				E64621EB29920E3700461673 /* SearchResultDefaultTableViewCell.swift in Sources */,
				E6B755EA298A364300A1936B /* AuthViewController.swift in Sources */,
				E6B755C82989CDEE00A1936B /* AppDelegate.swift in Sources */,
				E6B75604298A3D5A00A1936B /* UserProfile.swift in Sources */,
				E6178B12298AD65E00AAB055 /* Extensions.swift in Sources */,
				E64621E129920DA300461673 /* NewRelasesCollectionViewCell.swift in Sources */,
				E6B755E6298A35DD00A1936B /* LibraryViewController.swift in Sources */,
				E6D508202990DACC00F4E24C /* AlbumDetailsResponse.swift in Sources */,
				E6B75602298A3D3900A1936B /* Artist.swift in Sources */,
				E6A2C5212990C9440098946D /* SettingsModels.swift in Sources */,
				E64621ED29920E5500461673 /* SearchResultSubtitleTableViewCell.swift in Sources */,
				E6B755F4298A36EC00A1936B /* PlaylistViewController.swift in Sources */,
				E6D508142990D9BB00F4E24C /* PlayImage.swift in Sources */,
				E64621E729920E0100461673 /* PlayListHeaderCollectionReusableViewDelegate.swift in Sources */,
				E64621E329920DC400461673 /* FeaturedPlayListCollectionViewCell.swift in Sources */,
				E6B755CA2989CDEE00A1936B /* SceneDelegate.swift in Sources */,
				E6D5081A2990DA6300F4E24C /* FeaturedPlayListResponse.swift in Sources */,
				E64621DF29920CF200461673 /* TittleHeaderCollectionReusableView.swift in Sources */,
				E6B755F2298A36C900A1936B /* PlayerViewController.swift in Sources */,
				E6B755FA298A3CA100A1936B /* APICaller.swift in Sources */,
				E6D508162990D9E500F4E24C /* AudioTracks.swift in Sources */,
				E6D508242990DB1400F4E24C /* CategoryResponse.swift in Sources */,
				E64621E929920E1C00461673 /* CategoryCollectionViewCell.swift in Sources */,
				E6B755EE298A369300A1936B /* SettingsViewController.swift in Sources */,
			);
			runOnlyForDeploymentPostprocessing = 0;
		};
/* End PBXSourcesBuildPhase section */

/* Begin PBXVariantGroup section */
		E6B755D22989CDF100A1936B /* LaunchScreen.storyboard */ = {
			isa = PBXVariantGroup;
			children = (
				E6B755D32989CDF100A1936B /* Base */,
			);
			name = LaunchScreen.storyboard;
			sourceTree = "<group>";
		};
/* End PBXVariantGroup section */

/* Begin XCBuildConfiguration section */
		E6B755D62989CDF100A1936B /* Debug */ = {
			isa = XCBuildConfiguration;
			buildSettings = {
				ALWAYS_SEARCH_USER_PATHS = NO;
				CLANG_ANALYZER_NONNULL = YES;
				CLANG_ANALYZER_NUMBER_OBJECT_CONVERSION = YES_AGGRESSIVE;
				CLANG_CXX_LANGUAGE_STANDARD = "gnu++20";
				CLANG_ENABLE_MODULES = YES;
				CLANG_ENABLE_OBJC_ARC = YES;
				CLANG_ENABLE_OBJC_WEAK = YES;
				CLANG_WARN_BLOCK_CAPTURE_AUTORELEASING = YES;
				CLANG_WARN_BOOL_CONVERSION = YES;
				CLANG_WARN_COMMA = YES;
				CLANG_WARN_CONSTANT_CONVERSION = YES;
				CLANG_WARN_DEPRECATED_OBJC_IMPLEMENTATIONS = YES;
				CLANG_WARN_DIRECT_OBJC_ISA_USAGE = YES_ERROR;
				CLANG_WARN_DOCUMENTATION_COMMENTS = YES;
				CLANG_WARN_EMPTY_BODY = YES;
				CLANG_WARN_ENUM_CONVERSION = YES;
				CLANG_WARN_INFINITE_RECURSION = YES;
				CLANG_WARN_INT_CONVERSION = YES;
				CLANG_WARN_NON_LITERAL_NULL_CONVERSION = YES;
				CLANG_WARN_OBJC_IMPLICIT_RETAIN_SELF = YES;
				CLANG_WARN_OBJC_LITERAL_CONVERSION = YES;
				CLANG_WARN_OBJC_ROOT_CLASS = YES_ERROR;
				CLANG_WARN_QUOTED_INCLUDE_IN_FRAMEWORK_HEADER = YES;
				CLANG_WARN_RANGE_LOOP_ANALYSIS = YES;
				CLANG_WARN_STRICT_PROTOTYPES = YES;
				CLANG_WARN_SUSPICIOUS_MOVE = YES;
				CLANG_WARN_UNGUARDED_AVAILABILITY = YES_AGGRESSIVE;
				CLANG_WARN_UNREACHABLE_CODE = YES;
				CLANG_WARN__DUPLICATE_METHOD_MATCH = YES;
				COPY_PHASE_STRIP = NO;
				DEBUG_INFORMATION_FORMAT = dwarf;
				ENABLE_STRICT_OBJC_MSGSEND = YES;
				ENABLE_TESTABILITY = YES;
				GCC_C_LANGUAGE_STANDARD = gnu11;
				GCC_DYNAMIC_NO_PIC = NO;
				GCC_NO_COMMON_BLOCKS = YES;
				GCC_OPTIMIZATION_LEVEL = 0;
				GCC_PREPROCESSOR_DEFINITIONS = (
					"DEBUG=1",
					"$(inherited)",
				);
				GCC_WARN_64_TO_32_BIT_CONVERSION = YES;
				GCC_WARN_ABOUT_RETURN_TYPE = YES_ERROR;
				GCC_WARN_UNDECLARED_SELECTOR = YES;
				GCC_WARN_UNINITIALIZED_AUTOS = YES_AGGRESSIVE;
				GCC_WARN_UNUSED_FUNCTION = YES;
				GCC_WARN_UNUSED_VARIABLE = YES;
				IPHONEOS_DEPLOYMENT_TARGET = 16.2;
				MTL_ENABLE_DEBUG_INFO = INCLUDE_SOURCE;
				MTL_FAST_MATH = YES;
				ONLY_ACTIVE_ARCH = YES;
				SDKROOT = iphoneos;
				SWIFT_ACTIVE_COMPILATION_CONDITIONS = DEBUG;
				SWIFT_OPTIMIZATION_LEVEL = "-Onone";
			};
			name = Debug;
		};
		E6B755D72989CDF100A1936B /* Release */ = {
			isa = XCBuildConfiguration;
			buildSettings = {
				ALWAYS_SEARCH_USER_PATHS = NO;
				CLANG_ANALYZER_NONNULL = YES;
				CLANG_ANALYZER_NUMBER_OBJECT_CONVERSION = YES_AGGRESSIVE;
				CLANG_CXX_LANGUAGE_STANDARD = "gnu++20";
				CLANG_ENABLE_MODULES = YES;
				CLANG_ENABLE_OBJC_ARC = YES;
				CLANG_ENABLE_OBJC_WEAK = YES;
				CLANG_WARN_BLOCK_CAPTURE_AUTORELEASING = YES;
				CLANG_WARN_BOOL_CONVERSION = YES;
				CLANG_WARN_COMMA = YES;
				CLANG_WARN_CONSTANT_CONVERSION = YES;
				CLANG_WARN_DEPRECATED_OBJC_IMPLEMENTATIONS = YES;
				CLANG_WARN_DIRECT_OBJC_ISA_USAGE = YES_ERROR;
				CLANG_WARN_DOCUMENTATION_COMMENTS = YES;
				CLANG_WARN_EMPTY_BODY = YES;
				CLANG_WARN_ENUM_CONVERSION = YES;
				CLANG_WARN_INFINITE_RECURSION = YES;
				CLANG_WARN_INT_CONVERSION = YES;
				CLANG_WARN_NON_LITERAL_NULL_CONVERSION = YES;
				CLANG_WARN_OBJC_IMPLICIT_RETAIN_SELF = YES;
				CLANG_WARN_OBJC_LITERAL_CONVERSION = YES;
				CLANG_WARN_OBJC_ROOT_CLASS = YES_ERROR;
				CLANG_WARN_QUOTED_INCLUDE_IN_FRAMEWORK_HEADER = YES;
				CLANG_WARN_RANGE_LOOP_ANALYSIS = YES;
				CLANG_WARN_STRICT_PROTOTYPES = YES;
				CLANG_WARN_SUSPICIOUS_MOVE = YES;
				CLANG_WARN_UNGUARDED_AVAILABILITY = YES_AGGRESSIVE;
				CLANG_WARN_UNREACHABLE_CODE = YES;
				CLANG_WARN__DUPLICATE_METHOD_MATCH = YES;
				COPY_PHASE_STRIP = NO;
				DEBUG_INFORMATION_FORMAT = "dwarf-with-dsym";
				ENABLE_NS_ASSERTIONS = NO;
				ENABLE_STRICT_OBJC_MSGSEND = YES;
				GCC_C_LANGUAGE_STANDARD = gnu11;
				GCC_NO_COMMON_BLOCKS = YES;
				GCC_WARN_64_TO_32_BIT_CONVERSION = YES;
				GCC_WARN_ABOUT_RETURN_TYPE = YES_ERROR;
				GCC_WARN_UNDECLARED_SELECTOR = YES;
				GCC_WARN_UNINITIALIZED_AUTOS = YES_AGGRESSIVE;
				GCC_WARN_UNUSED_FUNCTION = YES;
				GCC_WARN_UNUSED_VARIABLE = YES;
				IPHONEOS_DEPLOYMENT_TARGET = 16.2;
				MTL_ENABLE_DEBUG_INFO = NO;
				MTL_FAST_MATH = YES;
				SDKROOT = iphoneos;
				SWIFT_COMPILATION_MODE = wholemodule;
				SWIFT_OPTIMIZATION_LEVEL = "-O";
				VALIDATE_PRODUCT = YES;
			};
			name = Release;
		};
		E6B755D92989CDF100A1936B /* Debug */ = {
			isa = XCBuildConfiguration;
			baseConfigurationReference = 2B80329AACEED9C58F5BBA1C /* Pods-Spotify.debug.xcconfig */;
			buildSettings = {
				ASSETCATALOG_COMPILER_APPICON_NAME = AppIcon;
				ASSETCATALOG_COMPILER_GLOBAL_ACCENT_COLOR_NAME = AccentColor;
				CODE_SIGN_STYLE = Automatic;
				CURRENT_PROJECT_VERSION = 1;
				DEVELOPMENT_TEAM = 7J572B45LH;
				GENERATE_INFOPLIST_FILE = YES;
				INFOPLIST_FILE = Spotify/Info.plist;
				INFOPLIST_KEY_UIApplicationSupportsIndirectInputEvents = YES;
				INFOPLIST_KEY_UILaunchStoryboardName = LaunchScreen;
				INFOPLIST_KEY_UIStatusBarStyle = "";
				INFOPLIST_KEY_UISupportedInterfaceOrientations_iPad = "UIInterfaceOrientationPortrait UIInterfaceOrientationPortraitUpsideDown UIInterfaceOrientationLandscapeLeft UIInterfaceOrientationLandscapeRight";
				INFOPLIST_KEY_UISupportedInterfaceOrientations_iPhone = "UIInterfaceOrientationPortrait UIInterfaceOrientationLandscapeLeft UIInterfaceOrientationLandscapeRight";
				LD_RUNPATH_SEARCH_PATHS = (
					"$(inherited)",
					"@executable_path/Frameworks",
				);
				MARKETING_VERSION = 1.0;
				PRODUCT_BUNDLE_IDENTIFIER = io.iodevacademy;
				PRODUCT_NAME = "$(TARGET_NAME)";
				SWIFT_EMIT_LOC_STRINGS = YES;
				SWIFT_VERSION = 5.0;
				TARGETED_DEVICE_FAMILY = "1,2";
			};
			name = Debug;
		};
		E6B755DA2989CDF100A1936B /* Release */ = {
			isa = XCBuildConfiguration;
			baseConfigurationReference = 3E270B98D660459CCD178D33 /* Pods-Spotify.release.xcconfig */;
			buildSettings = {
				ASSETCATALOG_COMPILER_APPICON_NAME = AppIcon;
				ASSETCATALOG_COMPILER_GLOBAL_ACCENT_COLOR_NAME = AccentColor;
				CODE_SIGN_STYLE = Automatic;
				CURRENT_PROJECT_VERSION = 1;
				DEVELOPMENT_TEAM = 7J572B45LH;
				GENERATE_INFOPLIST_FILE = YES;
				INFOPLIST_FILE = Spotify/Info.plist;
				INFOPLIST_KEY_UIApplicationSupportsIndirectInputEvents = YES;
				INFOPLIST_KEY_UILaunchStoryboardName = LaunchScreen;
				INFOPLIST_KEY_UIStatusBarStyle = "";
				INFOPLIST_KEY_UISupportedInterfaceOrientations_iPad = "UIInterfaceOrientationPortrait UIInterfaceOrientationPortraitUpsideDown UIInterfaceOrientationLandscapeLeft UIInterfaceOrientationLandscapeRight";
				INFOPLIST_KEY_UISupportedInterfaceOrientations_iPhone = "UIInterfaceOrientationPortrait UIInterfaceOrientationLandscapeLeft UIInterfaceOrientationLandscapeRight";
				LD_RUNPATH_SEARCH_PATHS = (
					"$(inherited)",
					"@executable_path/Frameworks",
				);
				MARKETING_VERSION = 1.0;
				PRODUCT_BUNDLE_IDENTIFIER = io.iodevacademy;
				PRODUCT_NAME = "$(TARGET_NAME)";
				SWIFT_EMIT_LOC_STRINGS = YES;
				SWIFT_VERSION = 5.0;
				TARGETED_DEVICE_FAMILY = "1,2";
			};
			name = Release;
		};
/* End XCBuildConfiguration section */

/* Begin XCConfigurationList section */
		E6B755BF2989CDEE00A1936B /* Build configuration list for PBXProject "Spotify" */ = {
			isa = XCConfigurationList;
			buildConfigurations = (
				E6B755D62989CDF100A1936B /* Debug */,
				E6B755D72989CDF100A1936B /* Release */,
			);
			defaultConfigurationIsVisible = 0;
			defaultConfigurationName = Release;
		};
		E6B755D82989CDF100A1936B /* Build configuration list for PBXNativeTarget "Spotify" */ = {
			isa = XCConfigurationList;
			buildConfigurations = (
				E6B755D92989CDF100A1936B /* Debug */,
				E6B755DA2989CDF100A1936B /* Release */,
			);
			defaultConfigurationIsVisible = 0;
			defaultConfigurationName = Release;
		};
/* End XCConfigurationList section */
	};
	rootObject = E6B755BC2989CDEE00A1936B /* Project object */;
}
